
Microsoft Visual Studio Solution File, Format Version 12.00
# Visual Studio Version 17
VisualStudioVersion = 17.4.33205.214
MinimumVisualStudioVersion = 10.0.40219.1
Project("{FAE04EC0-301F-11D3-BF4B-00C04F79EFBC}") = "Horoskoop.Android", "Horoskoop.Android\Horoskoop.Android.csproj", "{C3BCBEB3-EC5B-43F3-9F1B-DB3CE82BD531}"
EndProject
Project("{FAE04EC0-301F-11D3-BF4B-00C04F79EFBC}") = "Horoskoop", "Horoskoop\Horoskoop.csproj", "{425A67E8-E0F6-450A-8E77-F1129B8F5D8F}"
EndProject
Global
	GlobalSection(SolutionConfigurationPlatforms) = preSolution
		Debug|Any CPU = Debug|Any CPU
		Release|Any CPU = Release|Any CPU
	EndGlobalSection
	GlobalSection(ProjectConfigurationPlatforms) = postSolution
		{C3BCBEB3-EC5B-43F3-9F1B-DB3CE82BD531}.Debug|Any CPU.ActiveCfg = Debug|Any CPU
		{C3BCBEB3-EC5B-43F3-9F1B-DB3CE82BD531}.Debug|Any CPU.Build.0 = Debug|Any CPU
		{C3BCBEB3-EC5B-43F3-9F1B-DB3CE82BD531}.Debug|Any CPU.Deploy.0 = Debug|Any CPU
		{C3BCBEB3-EC5B-43F3-9F1B-DB3CE82BD531}.Release|Any CPU.ActiveCfg = Release|Any CPU
		{C3BCBEB3-EC5B-43F3-9F1B-DB3CE82BD531}.Release|Any CPU.Build.0 = Release|Any CPU
		{C3BCBEB3-EC5B-43F3-9F1B-DB3CE82BD531}.Release|Any CPU.Deploy.0 = Release|Any CPU
		{425A67E8-E0F6-450A-8E77-F1129B8F5D8F}.Debug|Any CPU.ActiveCfg = Debug|Any CPU
		{425A67E8-E0F6-450A-8E77-F1129B8F5D8F}.Debug|Any CPU.Build.0 = Debug|Any CPU
		{425A67E8-E0F6-450A-8E77-F1129B8F5D8F}.Debug|Any CPU.Deploy.0 = Debug|Any CPU
		{425A67E8-E0F6-450A-8E77-F1129B8F5D8F}.Release|Any CPU.ActiveCfg = Release|Any CPU
		{425A67E8-E0F6-450A-8E77-F1129B8F5D8F}.Release|Any CPU.Build.0 = Release|Any CPU
		{425A67E8-E0F6-450A-8E77-F1129B8F5D8F}.Release|Any CPU.Deploy.0 = Release|Any CPU
	EndGlobalSection
	GlobalSection(SolutionProperties) = preSolution
		HideSolutionNode = FALSE
	EndGlobalSection
	GlobalSection(ExtensibilityGlobals) = postSolution
		SolutionGuid = {0F90A2B2-D4A9-4AF8-82E9-C8247D1156F4}
	EndGlobalSection
EndGlobal
